
Microsoft Visual Studio Solution File, Format Version 12.00
# Visual Studio 15
Project("{FAE04EC0-301F-11D3-BF4B-00C04F79EFBC}") = "Assembly-CSharp", "Assembly-CSharp.csproj", "{77BD2901-8B97-E82E-86BC-2704761CEC51}"
EndProject
Project("{FAE04EC0-301F-11D3-BF4B-00C04F79EFBC}") = "Unity.RenderPipelines.HighDefinition.Config.Runtime", "Unity.RenderPipelines.HighDefinition.Config.Runtime.csproj", "{BFE11C49-7818-036D-A53B-4690903FE168}"
EndProject
Project("{FAE04EC0-301F-11D3-BF4B-00C04F79EFBC}") = "Assembly-CSharp-Editor", "Assembly-CSharp-Editor.csproj", "{B45403FC-D01C-D7D3-0D54-5736CF693E9F}"
EndProject
Global
	GlobalSection(SolutionConfigurationPlatforms) = preSolution
		Debug|Any CPU = Debug|Any CPU
		Release|Any CPU = Release|Any CPU
	EndGlobalSection
	GlobalSection(ProjectConfigurationPlatforms) = postSolution
		{77BD2901-8B97-E82E-86BC-2704761CEC51}.Debug|Any CPU.ActiveCfg = Debug|Any CPU
		{77BD2901-8B97-E82E-86BC-2704761CEC51}.Debug|Any CPU.Build.0 = Debug|Any CPU
		{77BD2901-8B97-E82E-86BC-2704761CEC51}.Release|Any CPU.ActiveCfg = Release|Any CPU
		{77BD2901-8B97-E82E-86BC-2704761CEC51}.Release|Any CPU.Build.0 = Release|Any CPU
		{BFE11C49-7818-036D-A53B-4690903FE168}.Debug|Any CPU.ActiveCfg = Debug|Any CPU
		{BFE11C49-7818-036D-A53B-4690903FE168}.Debug|Any CPU.Build.0 = Debug|Any CPU
		{BFE11C49-7818-036D-A53B-4690903FE168}.Release|Any CPU.ActiveCfg = Release|Any CPU
		{BFE11C49-7818-036D-A53B-4690903FE168}.Release|Any CPU.Build.0 = Release|Any CPU
		{B45403FC-D01C-D7D3-0D54-5736CF693E9F}.Debug|Any CPU.ActiveCfg = Debug|Any CPU
		{B45403FC-D01C-D7D3-0D54-5736CF693E9F}.Debug|Any CPU.Build.0 = Debug|Any CPU
		{B45403FC-D01C-D7D3-0D54-5736CF693E9F}.Release|Any CPU.ActiveCfg = Release|Any CPU
		{B45403FC-D01C-D7D3-0D54-5736CF693E9F}.Release|Any CPU.Build.0 = Release|Any CPU
	EndGlobalSection
	GlobalSection(SolutionProperties) = preSolution
		HideSolutionNode = FALSE
	EndGlobalSection
EndGlobal
